// !$*UTF8*$!
{
	archiveVersion = 1;
	classes = {
	};
	objectVersion = 46;
	objects = {

/* Begin PBXBuildFile section */
		6F98056EB8ECED2EC8E83ACB /* libPods-Strayer.a in Frameworks */ = {isa = PBXBuildFile; fileRef = 556F8782BF04978E905A9EF1 /* libPods-Strayer.a */; };
		CEFA451F1AD287F40096839B /* main.m in Sources */ = {isa = PBXBuildFile; fileRef = CEFA451E1AD287F40096839B /* main.m */; };
		CEFA45221AD287F40096839B /* AppDelegate.m in Sources */ = {isa = PBXBuildFile; fileRef = CEFA45211AD287F40096839B /* AppDelegate.m */; };
		CEFA45251AD287F40096839B /* Strayer.xcdatamodeld in Sources */ = {isa = PBXBuildFile; fileRef = CEFA45231AD287F40096839B /* Strayer.xcdatamodeld */; };
		CEFA45281AD287F40096839B /* ViewController.m in Sources */ = {isa = PBXBuildFile; fileRef = CEFA45271AD287F40096839B /* ViewController.m */; };
		CEFA452B1AD287F40096839B /* Main.storyboard in Resources */ = {isa = PBXBuildFile; fileRef = CEFA45291AD287F40096839B /* Main.storyboard */; };
		CEFA452D1AD287F40096839B /* Images.xcassets in Resources */ = {isa = PBXBuildFile; fileRef = CEFA452C1AD287F40096839B /* Images.xcassets */; };
		CEFA45301AD287F40096839B /* LaunchScreen.xib in Resources */ = {isa = PBXBuildFile; fileRef = CEFA452E1AD287F40096839B /* LaunchScreen.xib */; };
		CEFA453C1AD287F40096839B /* StrayerTests.m in Sources */ = {isa = PBXBuildFile; fileRef = CEFA453B1AD287F40096839B /* StrayerTests.m */; };
		CEFA454B1AD2ADA30096839B /* MobomoAPIClient.m in Sources */ = {isa = PBXBuildFile; fileRef = CEFA454A1AD2ADA30096839B /* MobomoAPIClient.m */; };
		CEFA454E1AD2ADD00096839B /* MBMNetworkActivity.m in Sources */ = {isa = PBXBuildFile; fileRef = CEFA454D1AD2ADD00096839B /* MBMNetworkActivity.m */; };
/* End PBXBuildFile section */

/* Begin PBXContainerItemProxy section */
		CEFA45361AD287F40096839B /* PBXContainerItemProxy */ = {
			isa = PBXContainerItemProxy;
			containerPortal = CEFA45111AD287F40096839B /* Project object */;
			proxyType = 1;
			remoteGlobalIDString = CEFA45181AD287F40096839B;
			remoteInfo = Strayer;
		};
/* End PBXContainerItemProxy section */

/* Begin PBXFileReference section */
		556F8782BF04978E905A9EF1 /* libPods-Strayer.a */ = {isa = PBXFileReference; explicitFileType = archive.ar; includeInIndex = 0; path = "libPods-Strayer.a"; sourceTree = BUILT_PRODUCTS_DIR; };
		AADE194BF8BBF9152639C31A /* Pods-Strayer.debug.xcconfig */ = {isa = PBXFileReference; includeInIndex = 1; lastKnownFileType = text.xcconfig; name = "Pods-Strayer.debug.xcconfig"; path = "Pods/Target Support Files/Pods-Strayer/Pods-Strayer.debug.xcconfig"; sourceTree = "<group>"; };
		B6432A7EAE0E9C3DC0AFF7D5 /* Pods-Strayer.release.xcconfig */ = {isa = PBXFileReference; includeInIndex = 1; lastKnownFileType = text.xcconfig; name = "Pods-Strayer.release.xcconfig"; path = "Pods/Target Support Files/Pods-Strayer/Pods-Strayer.release.xcconfig"; sourceTree = "<group>"; };
		CEFA45191AD287F40096839B /* Coach To Grow.app */ = {isa = PBXFileReference; explicitFileType = wrapper.application; includeInIndex = 0; path = "Coach To Grow.app"; sourceTree = BUILT_PRODUCTS_DIR; };
		CEFA451D1AD287F40096839B /* Info.plist */ = {isa = PBXFileReference; lastKnownFileType = text.plist.xml; path = Info.plist; sourceTree = "<group>"; };
		CEFA451E1AD287F40096839B /* main.m */ = {isa = PBXFileReference; lastKnownFileType = sourcecode.c.objc; path = main.m; sourceTree = "<group>"; };
		CEFA45201AD287F40096839B /* AppDelegate.h */ = {isa = PBXFileReference; lastKnownFileType = sourcecode.c.h; path = AppDelegate.h; sourceTree = "<group>"; };
		CEFA45211AD287F40096839B /* AppDelegate.m */ = {isa = PBXFileReference; lastKnownFileType = sourcecode.c.objc; path = AppDelegate.m; sourceTree = "<group>"; };
		CEFA45241AD287F40096839B /* Strayer.xcdatamodel */ = {isa = PBXFileReference; lastKnownFileType = wrapper.xcdatamodel; path = Strayer.xcdatamodel; sourceTree = "<group>"; };
		CEFA45261AD287F40096839B /* ViewController.h */ = {isa = PBXFileReference; lastKnownFileType = sourcecode.c.h; path = ViewController.h; sourceTree = "<group>"; };
		CEFA45271AD287F40096839B /* ViewController.m */ = {isa = PBXFileReference; lastKnownFileType = sourcecode.c.objc; path = ViewController.m; sourceTree = "<group>"; };
		CEFA452A1AD287F40096839B /* Base */ = {isa = PBXFileReference; lastKnownFileType = file.storyboard; name = Base; path = Base.lproj/Main.storyboard; sourceTree = "<group>"; };
		CEFA452C1AD287F40096839B /* Images.xcassets */ = {isa = PBXFileReference; lastKnownFileType = folder.assetcatalog; path = Images.xcassets; sourceTree = "<group>"; };
		CEFA452F1AD287F40096839B /* Base */ = {isa = PBXFileReference; lastKnownFileType = file.xib; name = Base; path = Base.lproj/LaunchScreen.xib; sourceTree = "<group>"; };
		CEFA45351AD287F40096839B /* Coach To Grow.xctest */ = {isa = PBXFileReference; explicitFileType = wrapper.cfbundle; includeInIndex = 0; path = "Coach To Grow.xctest"; sourceTree = BUILT_PRODUCTS_DIR; };
		CEFA453A1AD287F40096839B /* Info.plist */ = {isa = PBXFileReference; lastKnownFileType = text.plist.xml; path = Info.plist; sourceTree = "<group>"; };
		CEFA453B1AD287F40096839B /* StrayerTests.m */ = {isa = PBXFileReference; lastKnownFileType = sourcecode.c.objc; path = StrayerTests.m; sourceTree = "<group>"; };
		CEFA45491AD2ADA30096839B /* MobomoAPIClient.h */ = {isa = PBXFileReference; fileEncoding = 4; lastKnownFileType = sourcecode.c.h; name = MobomoAPIClient.h; path = Webservice/MobomoAPIClient.h; sourceTree = "<group>"; };
		CEFA454A1AD2ADA30096839B /* MobomoAPIClient.m */ = {isa = PBXFileReference; fileEncoding = 4; lastKnownFileType = sourcecode.c.objc; name = MobomoAPIClient.m; path = Webservice/MobomoAPIClient.m; sourceTree = "<group>"; };
		CEFA454C1AD2ADD00096839B /* MBMNetworkActivity.h */ = {isa = PBXFileReference; fileEncoding = 4; lastKnownFileType = sourcecode.c.h; name = MBMNetworkActivity.h; path = Webservice/MBMNetworkActivity.h; sourceTree = "<group>"; };
		CEFA454D1AD2ADD00096839B /* MBMNetworkActivity.m */ = {isa = PBXFileReference; fileEncoding = 4; lastKnownFileType = sourcecode.c.objc; name = MBMNetworkActivity.m; path = Webservice/MBMNetworkActivity.m; sourceTree = "<group>"; };
		CEFA454F1AD2AE210096839B /* Constants.h */ = {isa = PBXFileReference; lastKnownFileType = sourcecode.c.h; path = Constants.h; sourceTree = "<group>"; };
/* End PBXFileReference section */

/* Begin PBXFrameworksBuildPhase section */
		CEFA45161AD287F40096839B /* Frameworks */ = {
			isa = PBXFrameworksBuildPhase;
			buildActionMask = 2147483647;
			files = (
				6F98056EB8ECED2EC8E83ACB /* libPods-Strayer.a in Frameworks */,
			);
			runOnlyForDeploymentPostprocessing = 0;
		};
		CEFA45321AD287F40096839B /* Frameworks */ = {
			isa = PBXFrameworksBuildPhase;
			buildActionMask = 2147483647;
			files = (
			);
			runOnlyForDeploymentPostprocessing = 0;
		};
/* End PBXFrameworksBuildPhase section */

/* Begin PBXGroup section */
		4FA15BF926FCEA8C6AA1B4D0 /* Frameworks */ = {
			isa = PBXGroup;
			children = (
				556F8782BF04978E905A9EF1 /* libPods-Strayer.a */,
			);
			name = Frameworks;
			sourceTree = "<group>";
		};
		8840924316ABD63E764C2F83 /* Pods */ = {
			isa = PBXGroup;
			children = (
				AADE194BF8BBF9152639C31A /* Pods-Strayer.debug.xcconfig */,
				B6432A7EAE0E9C3DC0AFF7D5 /* Pods-Strayer.release.xcconfig */,
			);
			name = Pods;
			sourceTree = "<group>";
		};
		CEFA45101AD287F40096839B = {
			isa = PBXGroup;
			children = (
				CEFA451B1AD287F40096839B /* Strayer */,
				CEFA45381AD287F40096839B /* StrayerTests */,
				CEFA451A1AD287F40096839B /* Products */,
				8840924316ABD63E764C2F83 /* Pods */,
				4FA15BF926FCEA8C6AA1B4D0 /* Frameworks */,
			);
			sourceTree = "<group>";
		};
		CEFA451A1AD287F40096839B /* Products */ = {
			isa = PBXGroup;
			children = (
				CEFA45191AD287F40096839B /* Coach To Grow.app */,
				CEFA45351AD287F40096839B /* Coach To Grow.xctest */,
			);
			name = Products;
			sourceTree = "<group>";
		};
		CEFA451B1AD287F40096839B /* Strayer */ = {
			isa = PBXGroup;
			children = (
				CEFA45451AD2AD420096839B /* Webservice */,
				CEFA45201AD287F40096839B /* AppDelegate.h */,
				CEFA45211AD287F40096839B /* AppDelegate.m */,
				CEFA45261AD287F40096839B /* ViewController.h */,
				CEFA45271AD287F40096839B /* ViewController.m */,
				CEFA45291AD287F40096839B /* Main.storyboard */,
				CEFA452C1AD287F40096839B /* Images.xcassets */,
				CEFA452E1AD287F40096839B /* LaunchScreen.xib */,
				CEFA45231AD287F40096839B /* Strayer.xcdatamodeld */,
				CEFA451C1AD287F40096839B /* Supporting Files */,
			);
			path = Strayer;
			sourceTree = "<group>";
		};
		CEFA451C1AD287F40096839B /* Supporting Files */ = {
			isa = PBXGroup;
			children = (
				CEFA451D1AD287F40096839B /* Info.plist */,
				CEFA451E1AD287F40096839B /* main.m */,
				CEFA454F1AD2AE210096839B /* Constants.h */,
			);
			name = "Supporting Files";
			sourceTree = "<group>";
		};
		CEFA45381AD287F40096839B /* StrayerTests */ = {
			isa = PBXGroup;
			children = (
				CEFA453B1AD287F40096839B /* StrayerTests.m */,
				CEFA45391AD287F40096839B /* Supporting Files */,
			);
			path = StrayerTests;
			sourceTree = "<group>";
		};
		CEFA45391AD287F40096839B /* Supporting Files */ = {
			isa = PBXGroup;
			children = (
				CEFA453A1AD287F40096839B /* Info.plist */,
			);
			name = "Supporting Files";
			sourceTree = "<group>";
		};
		CEFA45451AD2AD420096839B /* Webservice */ = {
			isa = PBXGroup;
			children = (
				CEFA45491AD2ADA30096839B /* MobomoAPIClient.h */,
				CEFA454A1AD2ADA30096839B /* MobomoAPIClient.m */,
				CEFA454C1AD2ADD00096839B /* MBMNetworkActivity.h */,
				CEFA454D1AD2ADD00096839B /* MBMNetworkActivity.m */,
			);
			name = Webservice;
			sourceTree = "<group>";
		};
/* End PBXGroup section */

/* Begin PBXNativeTarget section */
		CEFA45181AD287F40096839B /* Strayer */ = {
			isa = PBXNativeTarget;
			buildConfigurationList = CEFA453F1AD287F40096839B /* Build configuration list for PBXNativeTarget "Strayer" */;
			buildPhases = (
				7706FE12B166FAFE53037E61 /* Check Pods Manifest.lock */,
				CEFA45151AD287F40096839B /* Sources */,
				CEFA45161AD287F40096839B /* Frameworks */,
				CEFA45171AD287F40096839B /* Resources */,
				F9D5D0F0979EEACDF8282F89 /* Copy Pods Resources */,
			);
			buildRules = (
			);
			dependencies = (
			);
			name = Strayer;
			productName = Strayer;
			productReference = CEFA45191AD287F40096839B /* Coach To Grow.app */;
			productType = "com.apple.product-type.application";
		};
		CEFA45341AD287F40096839B /* StrayerTests */ = {
			isa = PBXNativeTarget;
			buildConfigurationList = CEFA45421AD287F40096839B /* Build configuration list for PBXNativeTarget "StrayerTests" */;
			buildPhases = (
				CEFA45311AD287F40096839B /* Sources */,
				CEFA45321AD287F40096839B /* Frameworks */,
				CEFA45331AD287F40096839B /* Resources */,
			);
			buildRules = (
			);
			dependencies = (
				CEFA45371AD287F40096839B /* PBXTargetDependency */,
			);
			name = StrayerTests;
			productName = StrayerTests;
			productReference = CEFA45351AD287F40096839B /* Coach To Grow.xctest */;
			productType = "com.apple.product-type.bundle.unit-test";
		};
/* End PBXNativeTarget section */

/* Begin PBXProject section */
		CEFA45111AD287F40096839B /* Project object */ = {
			isa = PBXProject;
			attributes = {
				LastUpgradeCheck = 0600;
				ORGANIZATIONNAME = mobomo;
				TargetAttributes = {
					CEFA45181AD287F40096839B = {
						CreatedOnToolsVersion = 6.0;
					};
					CEFA45341AD287F40096839B = {
						CreatedOnToolsVersion = 6.0;
						TestTargetID = CEFA45181AD287F40096839B;
					};
				};
			};
			buildConfigurationList = CEFA45141AD287F40096839B /* Build configuration list for PBXProject "Strayer" */;
			compatibilityVersion = "Xcode 3.2";
			developmentRegion = English;
			hasScannedForEncodings = 0;
			knownRegions = (
				en,
				Base,
			);
			mainGroup = CEFA45101AD287F40096839B;
			productRefGroup = CEFA451A1AD287F40096839B /* Products */;
			projectDirPath = "";
			projectRoot = "";
			targets = (
				CEFA45181AD287F40096839B /* Strayer */,
				CEFA45341AD287F40096839B /* StrayerTests */,
			);
		};
/* End PBXProject section */

/* Begin PBXResourcesBuildPhase section */
		CEFA45171AD287F40096839B /* Resources */ = {
			isa = PBXResourcesBuildPhase;
			buildActionMask = 2147483647;
			files = (
				CEFA452B1AD287F40096839B /* Main.storyboard in Resources */,
				CEFA45301AD287F40096839B /* LaunchScreen.xib in Resources */,
				CEFA452D1AD287F40096839B /* Images.xcassets in Resources */,
			);
			runOnlyForDeploymentPostprocessing = 0;
		};
		CEFA45331AD287F40096839B /* Resources */ = {
			isa = PBXResourcesBuildPhase;
			buildActionMask = 2147483647;
			files = (
			);
			runOnlyForDeploymentPostprocessing = 0;
		};
/* End PBXResourcesBuildPhase section */

/* Begin PBXShellScriptBuildPhase section */
		7706FE12B166FAFE53037E61 /* Check Pods Manifest.lock */ = {
			isa = PBXShellScriptBuildPhase;
			buildActionMask = 2147483647;
			files = (
			);
			inputPaths = (
			);
			name = "Check Pods Manifest.lock";
			outputPaths = (
			);
			runOnlyForDeploymentPostprocessing = 0;
			shellPath = /bin/sh;
			shellScript = "diff \"${PODS_ROOT}/../Podfile.lock\" \"${PODS_ROOT}/Manifest.lock\" > /dev/null\nif [[ $? != 0 ]] ; then\n    cat << EOM\nerror: The sandbox is not in sync with the Podfile.lock. Run 'pod install' or update your CocoaPods installation.\nEOM\n    exit 1\nfi\n";
			showEnvVarsInLog = 0;
		};
		F9D5D0F0979EEACDF8282F89 /* Copy Pods Resources */ = {
			isa = PBXShellScriptBuildPhase;
			buildActionMask = 2147483647;
			files = (
			);
			inputPaths = (
			);
			name = "Copy Pods Resources";
			outputPaths = (
			);
			runOnlyForDeploymentPostprocessing = 0;
			shellPath = /bin/sh;
			shellScript = "\"${SRCROOT}/Pods/Target Support Files/Pods-Strayer/Pods-Strayer-resources.sh\"\n";
			showEnvVarsInLog = 0;
		};
/* End PBXShellScriptBuildPhase section */

/* Begin PBXSourcesBuildPhase section */
		CEFA45151AD287F40096839B /* Sources */ = {
			isa = PBXSourcesBuildPhase;
			buildActionMask = 2147483647;
			files = (
				CEFA454B1AD2ADA30096839B /* MobomoAPIClient.m in Sources */,
				CEFA45221AD287F40096839B /* AppDelegate.m in Sources */,
				CEFA454E1AD2ADD00096839B /* MBMNetworkActivity.m in Sources */,
				CEFA451F1AD287F40096839B /* main.m in Sources */,
				CEFA45281AD287F40096839B /* ViewController.m in Sources */,
				CEFA45251AD287F40096839B /* Strayer.xcdatamodeld in Sources */,
			);
			runOnlyForDeploymentPostprocessing = 0;
		};
		CEFA45311AD287F40096839B /* Sources */ = {
			isa = PBXSourcesBuildPhase;
			buildActionMask = 2147483647;
			files = (
				CEFA453C1AD287F40096839B /* StrayerTests.m in Sources */,
			);
			runOnlyForDeploymentPostprocessing = 0;
		};
/* End PBXSourcesBuildPhase section */

/* Begin PBXTargetDependency section */
		CEFA45371AD287F40096839B /* PBXTargetDependency */ = {
			isa = PBXTargetDependency;
			target = CEFA45181AD287F40096839B /* Strayer */;
			targetProxy = CEFA45361AD287F40096839B /* PBXContainerItemProxy */;
		};
/* End PBXTargetDependency section */

/* Begin PBXVariantGroup section */
		CEFA45291AD287F40096839B /* Main.storyboard */ = {
			isa = PBXVariantGroup;
			children = (
				CEFA452A1AD287F40096839B /* Base */,
			);
			name = Main.storyboard;
			sourceTree = "<group>";
		};
		CEFA452E1AD287F40096839B /* LaunchScreen.xib */ = {
			isa = PBXVariantGroup;
			children = (
				CEFA452F1AD287F40096839B /* Base */,
			);
			name = LaunchScreen.xib;
			sourceTree = "<group>";
		};
/* End PBXVariantGroup section */

/* Begin XCBuildConfiguration section */
		CEFA453D1AD287F40096839B /* Debug */ = {
			isa = XCBuildConfiguration;
			buildSettings = {
				ALWAYS_SEARCH_USER_PATHS = NO;
				CLANG_CXX_LANGUAGE_STANDARD = "gnu++0x";
				CLANG_CXX_LIBRARY = "libc++";
				CLANG_ENABLE_MODULES = YES;
				CLANG_ENABLE_OBJC_ARC = YES;
				CLANG_WARN_BOOL_CONVERSION = YES;
				CLANG_WARN_CONSTANT_CONVERSION = YES;
				CLANG_WARN_DIRECT_OBJC_ISA_USAGE = YES_ERROR;
				CLANG_WARN_EMPTY_BODY = YES;
				CLANG_WARN_ENUM_CONVERSION = YES;
				CLANG_WARN_INT_CONVERSION = YES;
				CLANG_WARN_OBJC_ROOT_CLASS = YES_ERROR;
				CLANG_WARN_UNREACHABLE_CODE = YES;
				CLANG_WARN__DUPLICATE_METHOD_MATCH = YES;
				"CODE_SIGN_IDENTITY[sdk=iphoneos*]" = "iPhone Developer";
				COPY_PHASE_STRIP = NO;
				ENABLE_STRICT_OBJC_MSGSEND = YES;
				GCC_C_LANGUAGE_STANDARD = gnu99;
				GCC_DYNAMIC_NO_PIC = NO;
				GCC_OPTIMIZATION_LEVEL = 0;
				GCC_PREPROCESSOR_DEFINITIONS = (
					"DEBUG=1",
					"$(inherited)",
				);
				GCC_SYMBOLS_PRIVATE_EXTERN = NO;
				GCC_WARN_64_TO_32_BIT_CONVERSION = YES;
				GCC_WARN_ABOUT_RETURN_TYPE = YES_ERROR;
				GCC_WARN_UNDECLARED_SELECTOR = YES;
				GCC_WARN_UNINITIALIZED_AUTOS = YES_AGGRESSIVE;
				GCC_WARN_UNUSED_FUNCTION = YES;
				GCC_WARN_UNUSED_VARIABLE = YES;
				IPHONEOS_DEPLOYMENT_TARGET = 8.0;
				MTL_ENABLE_DEBUG_INFO = YES;
				ONLY_ACTIVE_ARCH = YES;
				SDKROOT = iphoneos;
				TARGETED_DEVICE_FAMILY = "1,2";
			};
			name = Debug;
		};
		CEFA453E1AD287F40096839B /* Release */ = {
			isa = XCBuildConfiguration;
			buildSettings = {
				ALWAYS_SEARCH_USER_PATHS = NO;
				CLANG_CXX_LANGUAGE_STANDARD = "gnu++0x";
				CLANG_CXX_LIBRARY = "libc++";
				CLANG_ENABLE_MODULES = YES;
				CLANG_ENABLE_OBJC_ARC = YES;
				CLANG_WARN_BOOL_CONVERSION = YES;
				CLANG_WARN_CONSTANT_CONVERSION = YES;
				CLANG_WARN_DIRECT_OBJC_ISA_USAGE = YES_ERROR;
				CLANG_WARN_EMPTY_BODY = YES;
				CLANG_WARN_ENUM_CONVERSION = YES;
				CLANG_WARN_INT_CONVERSION = YES;
				CLANG_WARN_OBJC_ROOT_CLASS = YES_ERROR;
				CLANG_WARN_UNREACHABLE_CODE = YES;
				CLANG_WARN__DUPLICATE_METHOD_MATCH = YES;
				"CODE_SIGN_IDENTITY[sdk=iphoneos*]" = "iPhone Developer";
				COPY_PHASE_STRIP = YES;
				ENABLE_NS_ASSERTIONS = NO;
				ENABLE_STRICT_OBJC_MSGSEND = YES;
				GCC_C_LANGUAGE_STANDARD = gnu99;
				GCC_WARN_64_TO_32_BIT_CONVERSION = YES;
				GCC_WARN_ABOUT_RETURN_TYPE = YES_ERROR;
				GCC_WARN_UNDECLARED_SELECTOR = YES;
				GCC_WARN_UNINITIALIZED_AUTOS = YES_AGGRESSIVE;
				GCC_WARN_UNUSED_FUNCTION = YES;
				GCC_WARN_UNUSED_VARIABLE = YES;
				IPHONEOS_DEPLOYMENT_TARGET = 8.0;
				MTL_ENABLE_DEBUG_INFO = NO;
				SDKROOT = iphoneos;
				TARGETED_DEVICE_FAMILY = "1,2";
				VALIDATE_PRODUCT = YES;
			};
			name = Release;
		};
		CEFA45401AD287F40096839B /* Debug */ = {
			isa = XCBuildConfiguration;
			baseConfigurationReference = AADE194BF8BBF9152639C31A /* Pods-Strayer.debug.xcconfig */;
			buildSettings = {
				ASSETCATALOG_COMPILER_APPICON_NAME = AppIcon;
				INFOPLIST_FILE = Strayer/Info.plist;
				LD_RUNPATH_SEARCH_PATHS = "$(inherited) @executable_path/Frameworks";
				PRODUCT_NAME = "Coach To Grow";
			};
			name = Debug;
		};
		CEFA45411AD287F40096839B /* Release */ = {
			isa = XCBuildConfiguration;
			baseConfigurationReference = B6432A7EAE0E9C3DC0AFF7D5 /* Pods-Strayer.release.xcconfig */;
			buildSettings = {
				ASSETCATALOG_COMPILER_APPICON_NAME = AppIcon;
				INFOPLIST_FILE = Strayer/Info.plist;
				LD_RUNPATH_SEARCH_PATHS = "$(inherited) @executable_path/Frameworks";
				PRODUCT_NAME = "Coach To Grow";
			};
			name = Release;
		};
		CEFA45431AD287F40096839B /* Debug */ = {
			isa = XCBuildConfiguration;
			buildSettings = {
				BUNDLE_LOADER = "$(TEST_HOST)";
				FRAMEWORK_SEARCH_PATHS = (
					"$(SDKROOT)/Developer/Library/Frameworks",
					"$(inherited)",
				);
				GCC_PREPROCESSOR_DEFINITIONS = (
					"DEBUG=1",
					"$(inherited)",
				);
				INFOPLIST_FILE = StrayerTests/Info.plist;
				LD_RUNPATH_SEARCH_PATHS = "$(inherited) @executable_path/Frameworks @loader_path/Frameworks";
				PRODUCT_NAME = "Coach To Grow";
				TEST_HOST = "$(BUILT_PRODUCTS_DIR)/Strayer.app/Strayer";
			};
			name = Debug;
		};
		CEFA45441AD287F40096839B /* Release */ = {
			isa = XCBuildConfiguration;
			buildSettings = {
				BUNDLE_LOADER = "$(TEST_HOST)";
				FRAMEWORK_SEARCH_PATHS = (
					"$(SDKROOT)/Developer/Library/Frameworks",
					"$(inherited)",
				);
				INFOPLIST_FILE = StrayerTests/Info.plist;
				LD_RUNPATH_SEARCH_PATHS = "$(inherited) @executable_path/Frameworks @loader_path/Frameworks";
				PRODUCT_NAME = "Coach To Grow";
				TEST_HOST = "$(BUILT_PRODUCTS_DIR)/Strayer.app/Strayer";
			};
			name = Release;
		};
/* End XCBuildConfiguration section */

/* Begin XCConfigurationList section */
		CEFA45141AD287F40096839B /* Build configuration list for PBXProject "Strayer" */ = {
			isa = XCConfigurationList;
			buildConfigurations = (
				CEFA453D1AD287F40096839B /* Debug */,
				CEFA453E1AD287F40096839B /* Release */,
			);
			defaultConfigurationIsVisible = 0;
			defaultConfigurationName = Release;
		};
		CEFA453F1AD287F40096839B /* Build configuration list for PBXNativeTarget "Strayer" */ = {
			isa = XCConfigurationList;
			buildConfigurations = (
				CEFA45401AD287F40096839B /* Debug */,
				CEFA45411AD287F40096839B /* Release */,
			);
			defaultConfigurationIsVisible = 0;
			defaultConfigurationName = Release;
		};
		CEFA45421AD287F40096839B /* Build configuration list for PBXNativeTarget "StrayerTests" */ = {
			isa = XCConfigurationList;
			buildConfigurations = (
				CEFA45431AD287F40096839B /* Debug */,
				CEFA45441AD287F40096839B /* Release */,
			);
			defaultConfigurationIsVisible = 0;
			defaultConfigurationName = Release;
		};
/* End XCConfigurationList section */

/* Begin XCVersionGroup section */
		CEFA45231AD287F40096839B /* Strayer.xcdatamodeld */ = {
			isa = XCVersionGroup;
			children = (
				CEFA45241AD287F40096839B /* Strayer.xcdatamodel */,
			);
			currentVersion = CEFA45241AD287F40096839B /* Strayer.xcdatamodel */;
			path = Strayer.xcdatamodeld;
			sourceTree = "<group>";
			versionGroupType = wrapper.xcdatamodel;
		};
/* End XCVersionGroup section */
	};
	rootObject = CEFA45111AD287F40096839B /* Project object */;
}
