// !$*UTF8*$!
{
	archiveVersion = 1;
	classes = {
	};
	objectVersion = 46;
	objects = {

/* Begin PBXBuildFile section */
		6F98056EB8ECED2EC8E83ACB /* libPods-Strayer.a in Frameworks */ = {isa = PBXBuildFile; fileRef = 556F8782BF04978E905A9EF1 /* libPods-Strayer.a */; };
		CE336C7D1AD4F5F90015EC61 /* MenuDetails.m in Sources */ = {isa = PBXBuildFile; fileRef = CE336C7C1AD4F5F90015EC61 /* MenuDetails.m */; };
		CE336C801AD4F5FA0015EC61 /* SingleTest.m in Sources */ = {isa = PBXBuildFile; fileRef = CE336C7F1AD4F5FA0015EC61 /* SingleTest.m */; };
		CE336C831AD4F5FA0015EC61 /* AbstractUrl.m in Sources */ = {isa = PBXBuildFile; fileRef = CE336C821AD4F5FA0015EC61 /* AbstractUrl.m */; };
		CE336C861AD4F5FA0015EC61 /* Question.m in Sources */ = {isa = PBXBuildFile; fileRef = CE336C851AD4F5FA0015EC61 /* Question.m */; };
		CE336C891AD4F5FA0015EC61 /* Answer.m in Sources */ = {isa = PBXBuildFile; fileRef = CE336C881AD4F5FA0015EC61 /* Answer.m */; };
		CE336C8C1AD4F61F0015EC61 /* Strayer.xcdatamodeld in Sources */ = {isa = PBXBuildFile; fileRef = CE336C8A1AD4F61F0015EC61 /* Strayer.xcdatamodeld */; };
		CE336C961AD4F6FD0015EC61 /* AMPDBManager.m in Sources */ = {isa = PBXBuildFile; fileRef = CE336C8F1AD4F6FC0015EC61 /* AMPDBManager.m */; };
		CE336C971AD4F6FD0015EC61 /* Answer+DBOperation.m in Sources */ = {isa = PBXBuildFile; fileRef = CE336C911AD4F6FD0015EC61 /* Answer+DBOperation.m */; };
		CE336C981AD4F6FD0015EC61 /* MenuDetails+DBOperation.m in Sources */ = {isa = PBXBuildFile; fileRef = CE336C931AD4F6FD0015EC61 /* MenuDetails+DBOperation.m */; };
		CE336C991AD4F6FD0015EC61 /* SingleTest+DBOperation.m in Sources */ = {isa = PBXBuildFile; fileRef = CE336C951AD4F6FD0015EC61 /* SingleTest+DBOperation.m */; };
		CE336C9C1AD4F8280015EC61 /* NSManagedObject+EntityName.m in Sources */ = {isa = PBXBuildFile; fileRef = CE336C9B1AD4F8280015EC61 /* NSManagedObject+EntityName.m */; };
		CE336CA01AD4FBE60015EC61 /* Utilities.m in Sources */ = {isa = PBXBuildFile; fileRef = CE336C9F1AD4FBE60015EC61 /* Utilities.m */; };
		CEC1AD961AD6337400BD33D7 /* CTGViewController.m in Sources */ = {isa = PBXBuildFile; fileRef = CEC1AD951AD6337400BD33D7 /* CTGViewController.m */; };
		CEC52D441AD3CB2F003BF968 /* CTGSideMenuViewController.m in Sources */ = {isa = PBXBuildFile; fileRef = CEC52D431AD3CB2F003BF968 /* CTGSideMenuViewController.m */; };
		CEC52D471AD3CB89003BF968 /* CTGHomeViewController.m in Sources */ = {isa = PBXBuildFile; fileRef = CEC52D461AD3CB89003BF968 /* CTGHomeViewController.m */; };
		CEC52D4B1AD3D160003BF968 /* UIStoryboard+Main.m in Sources */ = {isa = PBXBuildFile; fileRef = CEC52D4A1AD3D160003BF968 /* UIStoryboard+Main.m */; };
		CEFA451F1AD287F40096839B /* main.m in Sources */ = {isa = PBXBuildFile; fileRef = CEFA451E1AD287F40096839B /* main.m */; };
		CEFA45221AD287F40096839B /* CTGAppDelegate.m in Sources */ = {isa = PBXBuildFile; fileRef = CEFA45211AD287F40096839B /* CTGAppDelegate.m */; };
		CEFA452B1AD287F40096839B /* Main.storyboard in Resources */ = {isa = PBXBuildFile; fileRef = CEFA45291AD287F40096839B /* Main.storyboard */; };
		CEFA452D1AD287F40096839B /* Images.xcassets in Resources */ = {isa = PBXBuildFile; fileRef = CEFA452C1AD287F40096839B /* Images.xcassets */; };
		CEFA45301AD287F40096839B /* LaunchScreen.xib in Resources */ = {isa = PBXBuildFile; fileRef = CEFA452E1AD287F40096839B /* LaunchScreen.xib */; };
		CEFA453C1AD287F40096839B /* StrayerTests.m in Sources */ = {isa = PBXBuildFile; fileRef = CEFA453B1AD287F40096839B /* StrayerTests.m */; };
		CEFA454B1AD2ADA30096839B /* MobomoAPIClient.m in Sources */ = {isa = PBXBuildFile; fileRef = CEFA454A1AD2ADA30096839B /* MobomoAPIClient.m */; };
		CEFA454E1AD2ADD00096839B /* MBMNetworkActivity.m in Sources */ = {isa = PBXBuildFile; fileRef = CEFA454D1AD2ADD00096839B /* MBMNetworkActivity.m */; };
/* End PBXBuildFile section */

/* Begin PBXContainerItemProxy section */
		CEFA45361AD287F40096839B /* PBXContainerItemProxy */ = {
			isa = PBXContainerItemProxy;
			containerPortal = CEFA45111AD287F40096839B /* Project object */;
			proxyType = 1;
			remoteGlobalIDString = CEFA45181AD287F40096839B;
			remoteInfo = Strayer;
		};
/* End PBXContainerItemProxy section */

/* Begin PBXFileReference section */
		556F8782BF04978E905A9EF1 /* libPods-Strayer.a */ = {isa = PBXFileReference; explicitFileType = archive.ar; includeInIndex = 0; path = "libPods-Strayer.a"; sourceTree = BUILT_PRODUCTS_DIR; };
		AADE194BF8BBF9152639C31A /* Pods-Strayer.debug.xcconfig */ = {isa = PBXFileReference; includeInIndex = 1; lastKnownFileType = text.xcconfig; name = "Pods-Strayer.debug.xcconfig"; path = "Pods/Target Support Files/Pods-Strayer/Pods-Strayer.debug.xcconfig"; sourceTree = "<group>"; };
		B6432A7EAE0E9C3DC0AFF7D5 /* Pods-Strayer.release.xcconfig */ = {isa = PBXFileReference; includeInIndex = 1; lastKnownFileType = text.xcconfig; name = "Pods-Strayer.release.xcconfig"; path = "Pods/Target Support Files/Pods-Strayer/Pods-Strayer.release.xcconfig"; sourceTree = "<group>"; };
		CE336C7B1AD4F5F90015EC61 /* MenuDetails.h */ = {isa = PBXFileReference; fileEncoding = 4; lastKnownFileType = sourcecode.c.h; name = MenuDetails.h; path = CoreData/CoreDataModels/MenuDetails.h; sourceTree = "<group>"; };
		CE336C7C1AD4F5F90015EC61 /* MenuDetails.m */ = {isa = PBXFileReference; fileEncoding = 4; lastKnownFileType = sourcecode.c.objc; name = MenuDetails.m; path = CoreData/CoreDataModels/MenuDetails.m; sourceTree = "<group>"; };
		CE336C7E1AD4F5FA0015EC61 /* SingleTest.h */ = {isa = PBXFileReference; fileEncoding = 4; lastKnownFileType = sourcecode.c.h; name = SingleTest.h; path = CoreData/CoreDataModels/SingleTest.h; sourceTree = "<group>"; };
		CE336C7F1AD4F5FA0015EC61 /* SingleTest.m */ = {isa = PBXFileReference; fileEncoding = 4; lastKnownFileType = sourcecode.c.objc; name = SingleTest.m; path = CoreData/CoreDataModels/SingleTest.m; sourceTree = "<group>"; };
		CE336C811AD4F5FA0015EC61 /* AbstractUrl.h */ = {isa = PBXFileReference; fileEncoding = 4; lastKnownFileType = sourcecode.c.h; name = AbstractUrl.h; path = CoreData/CoreDataModels/AbstractUrl.h; sourceTree = "<group>"; };
		CE336C821AD4F5FA0015EC61 /* AbstractUrl.m */ = {isa = PBXFileReference; fileEncoding = 4; lastKnownFileType = sourcecode.c.objc; name = AbstractUrl.m; path = CoreData/CoreDataModels/AbstractUrl.m; sourceTree = "<group>"; };
		CE336C841AD4F5FA0015EC61 /* Question.h */ = {isa = PBXFileReference; fileEncoding = 4; lastKnownFileType = sourcecode.c.h; name = Question.h; path = CoreData/CoreDataModels/Question.h; sourceTree = "<group>"; };
		CE336C851AD4F5FA0015EC61 /* Question.m */ = {isa = PBXFileReference; fileEncoding = 4; lastKnownFileType = sourcecode.c.objc; name = Question.m; path = CoreData/CoreDataModels/Question.m; sourceTree = "<group>"; };
		CE336C871AD4F5FA0015EC61 /* Answer.h */ = {isa = PBXFileReference; fileEncoding = 4; lastKnownFileType = sourcecode.c.h; name = Answer.h; path = CoreData/CoreDataModels/Answer.h; sourceTree = "<group>"; };
		CE336C881AD4F5FA0015EC61 /* Answer.m */ = {isa = PBXFileReference; fileEncoding = 4; lastKnownFileType = sourcecode.c.objc; name = Answer.m; path = CoreData/CoreDataModels/Answer.m; sourceTree = "<group>"; };
		CE336C8B1AD4F61F0015EC61 /* Strayer.xcdatamodel */ = {isa = PBXFileReference; lastKnownFileType = wrapper.xcdatamodel; path = Strayer.xcdatamodel; sourceTree = "<group>"; };
		CE336C8E1AD4F6FC0015EC61 /* AMPDBManager.h */ = {isa = PBXFileReference; fileEncoding = 4; lastKnownFileType = sourcecode.c.h; name = AMPDBManager.h; path = "CoreData/Core Data Utilites/AMPDBManager.h"; sourceTree = "<group>"; };
		CE336C8F1AD4F6FC0015EC61 /* AMPDBManager.m */ = {isa = PBXFileReference; fileEncoding = 4; lastKnownFileType = sourcecode.c.objc; name = AMPDBManager.m; path = "CoreData/Core Data Utilites/AMPDBManager.m"; sourceTree = "<group>"; };
		CE336C901AD4F6FD0015EC61 /* Answer+DBOperation.h */ = {isa = PBXFileReference; fileEncoding = 4; lastKnownFileType = sourcecode.c.h; name = "Answer+DBOperation.h"; path = "CoreData/Core Data Utilites/Answer+DBOperation.h"; sourceTree = "<group>"; };
		CE336C911AD4F6FD0015EC61 /* Answer+DBOperation.m */ = {isa = PBXFileReference; fileEncoding = 4; lastKnownFileType = sourcecode.c.objc; name = "Answer+DBOperation.m"; path = "CoreData/Core Data Utilites/Answer+DBOperation.m"; sourceTree = "<group>"; };
		CE336C921AD4F6FD0015EC61 /* MenuDetails+DBOperation.h */ = {isa = PBXFileReference; fileEncoding = 4; lastKnownFileType = sourcecode.c.h; name = "MenuDetails+DBOperation.h"; path = "CoreData/Core Data Utilites/MenuDetails+DBOperation.h"; sourceTree = "<group>"; };
		CE336C931AD4F6FD0015EC61 /* MenuDetails+DBOperation.m */ = {isa = PBXFileReference; fileEncoding = 4; lastKnownFileType = sourcecode.c.objc; name = "MenuDetails+DBOperation.m"; path = "CoreData/Core Data Utilites/MenuDetails+DBOperation.m"; sourceTree = "<group>"; };
		CE336C941AD4F6FD0015EC61 /* SingleTest+DBOperation.h */ = {isa = PBXFileReference; fileEncoding = 4; lastKnownFileType = sourcecode.c.h; name = "SingleTest+DBOperation.h"; path = "CoreData/Core Data Utilites/SingleTest+DBOperation.h"; sourceTree = "<group>"; };
		CE336C951AD4F6FD0015EC61 /* SingleTest+DBOperation.m */ = {isa = PBXFileReference; fileEncoding = 4; lastKnownFileType = sourcecode.c.objc; name = "SingleTest+DBOperation.m"; path = "CoreData/Core Data Utilites/SingleTest+DBOperation.m"; sourceTree = "<group>"; };
		CE336C9A1AD4F8280015EC61 /* NSManagedObject+EntityName.h */ = {isa = PBXFileReference; fileEncoding = 4; lastKnownFileType = sourcecode.c.h; name = "NSManagedObject+EntityName.h"; path = "Categories/NSManagedObject+EntityName.h"; sourceTree = "<group>"; };
		CE336C9B1AD4F8280015EC61 /* NSManagedObject+EntityName.m */ = {isa = PBXFileReference; fileEncoding = 4; lastKnownFileType = sourcecode.c.objc; name = "NSManagedObject+EntityName.m"; path = "Categories/NSManagedObject+EntityName.m"; sourceTree = "<group>"; };
		CE336C9E1AD4FBE60015EC61 /* Utilities.h */ = {isa = PBXFileReference; fileEncoding = 4; lastKnownFileType = sourcecode.c.h; path = Utilities.h; sourceTree = "<group>"; };
		CE336C9F1AD4FBE60015EC61 /* Utilities.m */ = {isa = PBXFileReference; fileEncoding = 4; lastKnownFileType = sourcecode.c.objc; path = Utilities.m; sourceTree = "<group>"; };
		CEC1AD941AD6337400BD33D7 /* CTGViewController.h */ = {isa = PBXFileReference; fileEncoding = 4; lastKnownFileType = sourcecode.c.h; name = CTGViewController.h; path = ViewControllers/CTGViewController.h; sourceTree = "<group>"; };
		CEC1AD951AD6337400BD33D7 /* CTGViewController.m */ = {isa = PBXFileReference; fileEncoding = 4; lastKnownFileType = sourcecode.c.objc; name = CTGViewController.m; path = ViewControllers/CTGViewController.m; sourceTree = "<group>"; };
		CEC1AD971AD6343800BD33D7 /* ImageNameConstants.h */ = {isa = PBXFileReference; lastKnownFileType = sourcecode.c.h; path = ImageNameConstants.h; sourceTree = "<group>"; };
		CEC52D421AD3CB2F003BF968 /* CTGSideMenuViewController.h */ = {isa = PBXFileReference; fileEncoding = 4; lastKnownFileType = sourcecode.c.h; name = CTGSideMenuViewController.h; path = ViewControllers/CTGSideMenuViewController.h; sourceTree = "<group>"; };
		CEC52D431AD3CB2F003BF968 /* CTGSideMenuViewController.m */ = {isa = PBXFileReference; fileEncoding = 4; lastKnownFileType = sourcecode.c.objc; name = CTGSideMenuViewController.m; path = ViewControllers/CTGSideMenuViewController.m; sourceTree = "<group>"; };
		CEC52D451AD3CB89003BF968 /* CTGHomeViewController.h */ = {isa = PBXFileReference; fileEncoding = 4; lastKnownFileType = sourcecode.c.h; name = CTGHomeViewController.h; path = ViewControllers/CTGHomeViewController.h; sourceTree = "<group>"; };
		CEC52D461AD3CB89003BF968 /* CTGHomeViewController.m */ = {isa = PBXFileReference; fileEncoding = 4; lastKnownFileType = sourcecode.c.objc; name = CTGHomeViewController.m; path = ViewControllers/CTGHomeViewController.m; sourceTree = "<group>"; };
		CEC52D491AD3D160003BF968 /* UIStoryboard+Main.h */ = {isa = PBXFileReference; fileEncoding = 4; lastKnownFileType = sourcecode.c.h; name = "UIStoryboard+Main.h"; path = "Categories/UIStoryboard+Main.h"; sourceTree = "<group>"; };
		CEC52D4A1AD3D160003BF968 /* UIStoryboard+Main.m */ = {isa = PBXFileReference; fileEncoding = 4; lastKnownFileType = sourcecode.c.objc; name = "UIStoryboard+Main.m"; path = "Categories/UIStoryboard+Main.m"; sourceTree = "<group>"; };
		CEFA45191AD287F40096839B /* Coach To Grow.app */ = {isa = PBXFileReference; explicitFileType = wrapper.application; includeInIndex = 0; path = "Coach To Grow.app"; sourceTree = BUILT_PRODUCTS_DIR; };
		CEFA451D1AD287F40096839B /* Info.plist */ = {isa = PBXFileReference; lastKnownFileType = text.plist.xml; path = Info.plist; sourceTree = "<group>"; };
		CEFA451E1AD287F40096839B /* main.m */ = {isa = PBXFileReference; lastKnownFileType = sourcecode.c.objc; path = main.m; sourceTree = "<group>"; };
		CEFA45201AD287F40096839B /* CTGAppDelegate.h */ = {isa = PBXFileReference; lastKnownFileType = sourcecode.c.h; path = CTGAppDelegate.h; sourceTree = "<group>"; };
		CEFA45211AD287F40096839B /* CTGAppDelegate.m */ = {isa = PBXFileReference; lastKnownFileType = sourcecode.c.objc; path = CTGAppDelegate.m; sourceTree = "<group>"; };
		CEFA452A1AD287F40096839B /* Base */ = {isa = PBXFileReference; lastKnownFileType = file.storyboard; name = Base; path = Base.lproj/Main.storyboard; sourceTree = "<group>"; };
		CEFA452C1AD287F40096839B /* Images.xcassets */ = {isa = PBXFileReference; lastKnownFileType = folder.assetcatalog; path = Images.xcassets; sourceTree = "<group>"; };
		CEFA452F1AD287F40096839B /* Base */ = {isa = PBXFileReference; lastKnownFileType = file.xib; name = Base; path = Base.lproj/LaunchScreen.xib; sourceTree = "<group>"; };
		CEFA45351AD287F40096839B /* Coach To Grow.xctest */ = {isa = PBXFileReference; explicitFileType = wrapper.cfbundle; includeInIndex = 0; path = "Coach To Grow.xctest"; sourceTree = BUILT_PRODUCTS_DIR; };
		CEFA453A1AD287F40096839B /* Info.plist */ = {isa = PBXFileReference; lastKnownFileType = text.plist.xml; path = Info.plist; sourceTree = "<group>"; };
		CEFA453B1AD287F40096839B /* StrayerTests.m */ = {isa = PBXFileReference; lastKnownFileType = sourcecode.c.objc; path = StrayerTests.m; sourceTree = "<group>"; };
		CEFA45491AD2ADA30096839B /* MobomoAPIClient.h */ = {isa = PBXFileReference; fileEncoding = 4; lastKnownFileType = sourcecode.c.h; name = MobomoAPIClient.h; path = Webservice/MobomoAPIClient.h; sourceTree = "<group>"; };
		CEFA454A1AD2ADA30096839B /* MobomoAPIClient.m */ = {isa = PBXFileReference; fileEncoding = 4; lastKnownFileType = sourcecode.c.objc; name = MobomoAPIClient.m; path = Webservice/MobomoAPIClient.m; sourceTree = "<group>"; };
		CEFA454C1AD2ADD00096839B /* MBMNetworkActivity.h */ = {isa = PBXFileReference; fileEncoding = 4; lastKnownFileType = sourcecode.c.h; name = MBMNetworkActivity.h; path = Webservice/MBMNetworkActivity.h; sourceTree = "<group>"; };
		CEFA454D1AD2ADD00096839B /* MBMNetworkActivity.m */ = {isa = PBXFileReference; fileEncoding = 4; lastKnownFileType = sourcecode.c.objc; name = MBMNetworkActivity.m; path = Webservice/MBMNetworkActivity.m; sourceTree = "<group>"; };
		CEFA454F1AD2AE210096839B /* Constants.h */ = {isa = PBXFileReference; lastKnownFileType = sourcecode.c.h; path = Constants.h; sourceTree = "<group>"; };
/* End PBXFileReference section */

/* Begin PBXFrameworksBuildPhase section */
		CEFA45161AD287F40096839B /* Frameworks */ = {
			isa = PBXFrameworksBuildPhase;
			buildActionMask = 2147483647;
			files = (
				6F98056EB8ECED2EC8E83ACB /* libPods-Strayer.a in Frameworks */,
			);
			runOnlyForDeploymentPostprocessing = 0;
		};
		CEFA45321AD287F40096839B /* Frameworks */ = {
			isa = PBXFrameworksBuildPhase;
			buildActionMask = 2147483647;
			files = (
			);
			runOnlyForDeploymentPostprocessing = 0;
		};
/* End PBXFrameworksBuildPhase section */

/* Begin PBXGroup section */
		4FA15BF926FCEA8C6AA1B4D0 /* Frameworks */ = {
			isa = PBXGroup;
			children = (
				556F8782BF04978E905A9EF1 /* libPods-Strayer.a */,
			);
			name = Frameworks;
			sourceTree = "<group>";
		};
		8840924316ABD63E764C2F83 /* Pods */ = {
			isa = PBXGroup;
			children = (
				AADE194BF8BBF9152639C31A /* Pods-Strayer.debug.xcconfig */,
				B6432A7EAE0E9C3DC0AFF7D5 /* Pods-Strayer.release.xcconfig */,
			);
			name = Pods;
			sourceTree = "<group>";
		};
		CE336C791AD4F5880015EC61 /* CoreData */ = {
			isa = PBXGroup;
			children = (
				CE336C8D1AD4F69F0015EC61 /* Core Data Utitlites */,
				CE336C8A1AD4F61F0015EC61 /* Strayer.xcdatamodeld */,
				CE336C7A1AD4F5C30015EC61 /* Core Data Models */,
			);
			name = CoreData;
			sourceTree = "<group>";
		};
		CE336C7A1AD4F5C30015EC61 /* Core Data Models */ = {
			isa = PBXGroup;
			children = (
				CE336C871AD4F5FA0015EC61 /* Answer.h */,
				CE336C881AD4F5FA0015EC61 /* Answer.m */,
				CE336C841AD4F5FA0015EC61 /* Question.h */,
				CE336C851AD4F5FA0015EC61 /* Question.m */,
				CE336C811AD4F5FA0015EC61 /* AbstractUrl.h */,
				CE336C821AD4F5FA0015EC61 /* AbstractUrl.m */,
				CE336C7E1AD4F5FA0015EC61 /* SingleTest.h */,
				CE336C7F1AD4F5FA0015EC61 /* SingleTest.m */,
				CE336C7B1AD4F5F90015EC61 /* MenuDetails.h */,
				CE336C7C1AD4F5F90015EC61 /* MenuDetails.m */,
			);
			name = "Core Data Models";
			sourceTree = "<group>";
		};
		CE336C8D1AD4F69F0015EC61 /* Core Data Utitlites */ = {
			isa = PBXGroup;
			children = (
				CE336C8E1AD4F6FC0015EC61 /* AMPDBManager.h */,
				CE336C8F1AD4F6FC0015EC61 /* AMPDBManager.m */,
				CE336C901AD4F6FD0015EC61 /* Answer+DBOperation.h */,
				CE336C911AD4F6FD0015EC61 /* Answer+DBOperation.m */,
				CE336C921AD4F6FD0015EC61 /* MenuDetails+DBOperation.h */,
				CE336C931AD4F6FD0015EC61 /* MenuDetails+DBOperation.m */,
				CE336C941AD4F6FD0015EC61 /* SingleTest+DBOperation.h */,
				CE336C951AD4F6FD0015EC61 /* SingleTest+DBOperation.m */,
			);
			name = "Core Data Utitlites";
			sourceTree = "<group>";
		};
		CEC52D411AD3CAA4003BF968 /* ViewControllers */ = {
			isa = PBXGroup;
			children = (
				CEC52D451AD3CB89003BF968 /* CTGHomeViewController.h */,
				CEC52D461AD3CB89003BF968 /* CTGHomeViewController.m */,
				CEC52D421AD3CB2F003BF968 /* CTGSideMenuViewController.h */,
				CEC52D431AD3CB2F003BF968 /* CTGSideMenuViewController.m */,
				CEC1AD941AD6337400BD33D7 /* CTGViewController.h */,
				CEC1AD951AD6337400BD33D7 /* CTGViewController.m */,
			);
			name = ViewControllers;
			sourceTree = "<group>";
		};
		CEC52D481AD3D0F8003BF968 /* Categories */ = {
			isa = PBXGroup;
			children = (
				CEC52D491AD3D160003BF968 /* UIStoryboard+Main.h */,
				CEC52D4A1AD3D160003BF968 /* UIStoryboard+Main.m */,
				CE336C9A1AD4F8280015EC61 /* NSManagedObject+EntityName.h */,
				CE336C9B1AD4F8280015EC61 /* NSManagedObject+EntityName.m */,
			);
			name = Categories;
			sourceTree = "<group>";
		};
		CEFA45101AD287F40096839B = {
			isa = PBXGroup;
			children = (
				CEFA451B1AD287F40096839B /* Strayer */,
				CEFA45381AD287F40096839B /* StrayerTests */,
				CEFA451A1AD287F40096839B /* Products */,
				8840924316ABD63E764C2F83 /* Pods */,
				4FA15BF926FCEA8C6AA1B4D0 /* Frameworks */,
			);
			sourceTree = "<group>";
		};
		CEFA451A1AD287F40096839B /* Products */ = {
			isa = PBXGroup;
			children = (
				CEFA45191AD287F40096839B /* Coach To Grow.app */,
				CEFA45351AD287F40096839B /* Coach To Grow.xctest */,
			);
			name = Products;
			sourceTree = "<group>";
		};
		CEFA451B1AD287F40096839B /* Strayer */ = {
			isa = PBXGroup;
			children = (
				CE336C791AD4F5880015EC61 /* CoreData */,
				CEC52D481AD3D0F8003BF968 /* Categories */,
				CEC52D411AD3CAA4003BF968 /* ViewControllers */,
				CEFA45451AD2AD420096839B /* Webservice */,
				CEFA45201AD287F40096839B /* CTGAppDelegate.h */,
				CEFA45211AD287F40096839B /* CTGAppDelegate.m */,
				CEFA45291AD287F40096839B /* Main.storyboard */,
				CEFA452C1AD287F40096839B /* Images.xcassets */,
				CEFA452E1AD287F40096839B /* LaunchScreen.xib */,
				CEFA451C1AD287F40096839B /* Supporting Files */,
				CE336C9E1AD4FBE60015EC61 /* Utilities.h */,
				CE336C9F1AD4FBE60015EC61 /* Utilities.m */,
			);
			path = Strayer;
			sourceTree = "<group>";
		};
		CEFA451C1AD287F40096839B /* Supporting Files */ = {
			isa = PBXGroup;
			children = (
				CEFA451D1AD287F40096839B /* Info.plist */,
				CEFA451E1AD287F40096839B /* main.m */,
				CEFA454F1AD2AE210096839B /* Constants.h */,
				CEC1AD971AD6343800BD33D7 /* ImageNameConstants.h */,
			);
			name = "Supporting Files";
			sourceTree = "<group>";
		};
		CEFA45381AD287F40096839B /* StrayerTests */ = {
			isa = PBXGroup;
			children = (
				CEFA453B1AD287F40096839B /* StrayerTests.m */,
				CEFA45391AD287F40096839B /* Supporting Files */,
			);
			path = StrayerTests;
			sourceTree = "<group>";
		};
		CEFA45391AD287F40096839B /* Supporting Files */ = {
			isa = PBXGroup;
			children = (
				CEFA453A1AD287F40096839B /* Info.plist */,
			);
			name = "Supporting Files";
			sourceTree = "<group>";
		};
		CEFA45451AD2AD420096839B /* Webservice */ = {
			isa = PBXGroup;
			children = (
				CEFA45491AD2ADA30096839B /* MobomoAPIClient.h */,
				CEFA454A1AD2ADA30096839B /* MobomoAPIClient.m */,
				CEFA454C1AD2ADD00096839B /* MBMNetworkActivity.h */,
				CEFA454D1AD2ADD00096839B /* MBMNetworkActivity.m */,
			);
			name = Webservice;
			sourceTree = "<group>";
		};
/* End PBXGroup section */

/* Begin PBXNativeTarget section */
		CEFA45181AD287F40096839B /* Strayer */ = {
			isa = PBXNativeTarget;
			buildConfigurationList = CEFA453F1AD287F40096839B /* Build configuration list for PBXNativeTarget "Strayer" */;
			buildPhases = (
				7706FE12B166FAFE53037E61 /* Check Pods Manifest.lock */,
				CEFA45151AD287F40096839B /* Sources */,
				CEFA45161AD287F40096839B /* Frameworks */,
				CEFA45171AD287F40096839B /* Resources */,
				F9D5D0F0979EEACDF8282F89 /* Copy Pods Resources */,
			);
			buildRules = (
			);
			dependencies = (
			);
			name = Strayer;
			productName = Strayer;
			productReference = CEFA45191AD287F40096839B /* Coach To Grow.app */;
			productType = "com.apple.product-type.application";
		};
		CEFA45341AD287F40096839B /* StrayerTests */ = {
			isa = PBXNativeTarget;
			buildConfigurationList = CEFA45421AD287F40096839B /* Build configuration list for PBXNativeTarget "StrayerTests" */;
			buildPhases = (
				CEFA45311AD287F40096839B /* Sources */,
				CEFA45321AD287F40096839B /* Frameworks */,
				CEFA45331AD287F40096839B /* Resources */,
			);
			buildRules = (
			);
			dependencies = (
				CEFA45371AD287F40096839B /* PBXTargetDependency */,
			);
			name = StrayerTests;
			productName = StrayerTests;
			productReference = CEFA45351AD287F40096839B /* Coach To Grow.xctest */;
			productType = "com.apple.product-type.bundle.unit-test";
		};
/* End PBXNativeTarget section */

/* Begin PBXProject section */
		CEFA45111AD287F40096839B /* Project object */ = {
			isa = PBXProject;
			attributes = {
				LastUpgradeCheck = 0600;
				ORGANIZATIONNAME = mobomo;
				TargetAttributes = {
					CEFA45181AD287F40096839B = {
						CreatedOnToolsVersion = 6.0;
					};
					CEFA45341AD287F40096839B = {
						CreatedOnToolsVersion = 6.0;
						TestTargetID = CEFA45181AD287F40096839B;
					};
				};
			};
			buildConfigurationList = CEFA45141AD287F40096839B /* Build configuration list for PBXProject "Strayer" */;
			compatibilityVersion = "Xcode 3.2";
			developmentRegion = English;
			hasScannedForEncodings = 0;
			knownRegions = (
				en,
				Base,
			);
			mainGroup = CEFA45101AD287F40096839B;
			productRefGroup = CEFA451A1AD287F40096839B /* Products */;
			projectDirPath = "";
			projectRoot = "";
			targets = (
				CEFA45181AD287F40096839B /* Strayer */,
				CEFA45341AD287F40096839B /* StrayerTests */,
			);
		};
/* End PBXProject section */

/* Begin PBXResourcesBuildPhase section */
		CEFA45171AD287F40096839B /* Resources */ = {
			isa = PBXResourcesBuildPhase;
			buildActionMask = 2147483647;
			files = (
				CEFA452B1AD287F40096839B /* Main.storyboard in Resources */,
				CEFA45301AD287F40096839B /* LaunchScreen.xib in Resources */,
				CEFA452D1AD287F40096839B /* Images.xcassets in Resources */,
			);
			runOnlyForDeploymentPostprocessing = 0;
		};
		CEFA45331AD287F40096839B /* Resources */ = {
			isa = PBXResourcesBuildPhase;
			buildActionMask = 2147483647;
			files = (
			);
			runOnlyForDeploymentPostprocessing = 0;
		};
/* End PBXResourcesBuildPhase section */

/* Begin PBXShellScriptBuildPhase section */
		7706FE12B166FAFE53037E61 /* Check Pods Manifest.lock */ = {
			isa = PBXShellScriptBuildPhase;
			buildActionMask = 2147483647;
			files = (
			);
			inputPaths = (
			);
			name = "Check Pods Manifest.lock";
			outputPaths = (
			);
			runOnlyForDeploymentPostprocessing = 0;
			shellPath = /bin/sh;
			shellScript = "diff \"${PODS_ROOT}/../Podfile.lock\" \"${PODS_ROOT}/Manifest.lock\" > /dev/null\nif [[ $? != 0 ]] ; then\n    cat << EOM\nerror: The sandbox is not in sync with the Podfile.lock. Run 'pod install' or update your CocoaPods installation.\nEOM\n    exit 1\nfi\n";
			showEnvVarsInLog = 0;
		};
		F9D5D0F0979EEACDF8282F89 /* Copy Pods Resources */ = {
			isa = PBXShellScriptBuildPhase;
			buildActionMask = 2147483647;
			files = (
			);
			inputPaths = (
			);
			name = "Copy Pods Resources";
			outputPaths = (
			);
			runOnlyForDeploymentPostprocessing = 0;
			shellPath = /bin/sh;
			shellScript = "\"${SRCROOT}/Pods/Target Support Files/Pods-Strayer/Pods-Strayer-resources.sh\"\n";
			showEnvVarsInLog = 0;
		};
/* End PBXShellScriptBuildPhase section */

/* Begin PBXSourcesBuildPhase section */
		CEFA45151AD287F40096839B /* Sources */ = {
			isa = PBXSourcesBuildPhase;
			buildActionMask = 2147483647;
			files = (
				CEC52D441AD3CB2F003BF968 /* CTGSideMenuViewController.m in Sources */,
				CE336C981AD4F6FD0015EC61 /* MenuDetails+DBOperation.m in Sources */,
				CE336C801AD4F5FA0015EC61 /* SingleTest.m in Sources */,
				CE336C831AD4F5FA0015EC61 /* AbstractUrl.m in Sources */,
				CE336CA01AD4FBE60015EC61 /* Utilities.m in Sources */,
				CEFA454B1AD2ADA30096839B /* MobomoAPIClient.m in Sources */,
				CE336C7D1AD4F5F90015EC61 /* MenuDetails.m in Sources */,
				CEC1AD961AD6337400BD33D7 /* CTGViewController.m in Sources */,
				CE336C971AD4F6FD0015EC61 /* Answer+DBOperation.m in Sources */,
				CE336C9C1AD4F8280015EC61 /* NSManagedObject+EntityName.m in Sources */,
				CE336C891AD4F5FA0015EC61 /* Answer.m in Sources */,
				CEFA45221AD287F40096839B /* CTGAppDelegate.m in Sources */,
				CEFA454E1AD2ADD00096839B /* MBMNetworkActivity.m in Sources */,
				CEFA451F1AD287F40096839B /* main.m in Sources */,
				CEC52D4B1AD3D160003BF968 /* UIStoryboard+Main.m in Sources */,
				CE336C861AD4F5FA0015EC61 /* Question.m in Sources */,
				CEC52D471AD3CB89003BF968 /* CTGHomeViewController.m in Sources */,
				CE336C991AD4F6FD0015EC61 /* SingleTest+DBOperation.m in Sources */,
				CE336C961AD4F6FD0015EC61 /* AMPDBManager.m in Sources */,
				CE336C8C1AD4F61F0015EC61 /* Strayer.xcdatamodeld in Sources */,
			);
			runOnlyForDeploymentPostprocessing = 0;
		};
		CEFA45311AD287F40096839B /* Sources */ = {
			isa = PBXSourcesBuildPhase;
			buildActionMask = 2147483647;
			files = (
				CEFA453C1AD287F40096839B /* StrayerTests.m in Sources */,
			);
			runOnlyForDeploymentPostprocessing = 0;
		};
/* End PBXSourcesBuildPhase section */

/* Begin PBXTargetDependency section */
		CEFA45371AD287F40096839B /* PBXTargetDependency */ = {
			isa = PBXTargetDependency;
			target = CEFA45181AD287F40096839B /* Strayer */;
			targetProxy = CEFA45361AD287F40096839B /* PBXContainerItemProxy */;
		};
/* End PBXTargetDependency section */

/* Begin PBXVariantGroup section */
		CEFA45291AD287F40096839B /* Main.storyboard */ = {
			isa = PBXVariantGroup;
			children = (
				CEFA452A1AD287F40096839B /* Base */,
			);
			name = Main.storyboard;
			sourceTree = "<group>";
		};
		CEFA452E1AD287F40096839B /* LaunchScreen.xib */ = {
			isa = PBXVariantGroup;
			children = (
				CEFA452F1AD287F40096839B /* Base */,
			);
			name = LaunchScreen.xib;
			sourceTree = "<group>";
		};
/* End PBXVariantGroup section */

/* Begin XCBuildConfiguration section */
		CEFA453D1AD287F40096839B /* Debug */ = {
			isa = XCBuildConfiguration;
			buildSettings = {
				ALWAYS_SEARCH_USER_PATHS = NO;
				CLANG_CXX_LANGUAGE_STANDARD = "gnu++0x";
				CLANG_CXX_LIBRARY = "libc++";
				CLANG_ENABLE_MODULES = YES;
				CLANG_ENABLE_OBJC_ARC = YES;
				CLANG_WARN_BOOL_CONVERSION = YES;
				CLANG_WARN_CONSTANT_CONVERSION = YES;
				CLANG_WARN_DIRECT_OBJC_ISA_USAGE = YES_ERROR;
				CLANG_WARN_EMPTY_BODY = YES;
				CLANG_WARN_ENUM_CONVERSION = YES;
				CLANG_WARN_INT_CONVERSION = YES;
				CLANG_WARN_OBJC_ROOT_CLASS = YES_ERROR;
				CLANG_WARN_UNREACHABLE_CODE = YES;
				CLANG_WARN__DUPLICATE_METHOD_MATCH = YES;
				"CODE_SIGN_IDENTITY[sdk=iphoneos*]" = "iPhone Developer";
				COPY_PHASE_STRIP = NO;
				ENABLE_STRICT_OBJC_MSGSEND = YES;
				GCC_C_LANGUAGE_STANDARD = gnu99;
				GCC_DYNAMIC_NO_PIC = NO;
				GCC_OPTIMIZATION_LEVEL = 0;
				GCC_PREPROCESSOR_DEFINITIONS = (
					"DEBUG=1",
					"$(inherited)",
				);
				GCC_SYMBOLS_PRIVATE_EXTERN = NO;
				GCC_WARN_64_TO_32_BIT_CONVERSION = YES;
				GCC_WARN_ABOUT_RETURN_TYPE = YES_ERROR;
				GCC_WARN_UNDECLARED_SELECTOR = YES;
				GCC_WARN_UNINITIALIZED_AUTOS = YES_AGGRESSIVE;
				GCC_WARN_UNUSED_FUNCTION = YES;
				GCC_WARN_UNUSED_VARIABLE = YES;
				IPHONEOS_DEPLOYMENT_TARGET = 8.0;
				MTL_ENABLE_DEBUG_INFO = YES;
				ONLY_ACTIVE_ARCH = YES;
				SDKROOT = iphoneos;
				TARGETED_DEVICE_FAMILY = "1,2";
			};
			name = Debug;
		};
		CEFA453E1AD287F40096839B /* Release */ = {
			isa = XCBuildConfiguration;
			buildSettings = {
				ALWAYS_SEARCH_USER_PATHS = NO;
				CLANG_CXX_LANGUAGE_STANDARD = "gnu++0x";
				CLANG_CXX_LIBRARY = "libc++";
				CLANG_ENABLE_MODULES = YES;
				CLANG_ENABLE_OBJC_ARC = YES;
				CLANG_WARN_BOOL_CONVERSION = YES;
				CLANG_WARN_CONSTANT_CONVERSION = YES;
				CLANG_WARN_DIRECT_OBJC_ISA_USAGE = YES_ERROR;
				CLANG_WARN_EMPTY_BODY = YES;
				CLANG_WARN_ENUM_CONVERSION = YES;
				CLANG_WARN_INT_CONVERSION = YES;
				CLANG_WARN_OBJC_ROOT_CLASS = YES_ERROR;
				CLANG_WARN_UNREACHABLE_CODE = YES;
				CLANG_WARN__DUPLICATE_METHOD_MATCH = YES;
				"CODE_SIGN_IDENTITY[sdk=iphoneos*]" = "iPhone Developer";
				COPY_PHASE_STRIP = YES;
				ENABLE_NS_ASSERTIONS = NO;
				ENABLE_STRICT_OBJC_MSGSEND = YES;
				GCC_C_LANGUAGE_STANDARD = gnu99;
				GCC_WARN_64_TO_32_BIT_CONVERSION = YES;
				GCC_WARN_ABOUT_RETURN_TYPE = YES_ERROR;
				GCC_WARN_UNDECLARED_SELECTOR = YES;
				GCC_WARN_UNINITIALIZED_AUTOS = YES_AGGRESSIVE;
				GCC_WARN_UNUSED_FUNCTION = YES;
				GCC_WARN_UNUSED_VARIABLE = YES;
				IPHONEOS_DEPLOYMENT_TARGET = 8.0;
				MTL_ENABLE_DEBUG_INFO = NO;
				SDKROOT = iphoneos;
				TARGETED_DEVICE_FAMILY = "1,2";
				VALIDATE_PRODUCT = YES;
			};
			name = Release;
		};
		CEFA45401AD287F40096839B /* Debug */ = {
			isa = XCBuildConfiguration;
			baseConfigurationReference = AADE194BF8BBF9152639C31A /* Pods-Strayer.debug.xcconfig */;
			buildSettings = {
				ASSETCATALOG_COMPILER_APPICON_NAME = AppIcon;
				INFOPLIST_FILE = Strayer/Info.plist;
				LD_RUNPATH_SEARCH_PATHS = "$(inherited) @executable_path/Frameworks";
				PRODUCT_NAME = "Coach To Grow";
			};
			name = Debug;
		};
		CEFA45411AD287F40096839B /* Release */ = {
			isa = XCBuildConfiguration;
			baseConfigurationReference = B6432A7EAE0E9C3DC0AFF7D5 /* Pods-Strayer.release.xcconfig */;
			buildSettings = {
				ASSETCATALOG_COMPILER_APPICON_NAME = AppIcon;
				INFOPLIST_FILE = Strayer/Info.plist;
				LD_RUNPATH_SEARCH_PATHS = "$(inherited) @executable_path/Frameworks";
				PRODUCT_NAME = "Coach To Grow";
			};
			name = Release;
		};
		CEFA45431AD287F40096839B /* Debug */ = {
			isa = XCBuildConfiguration;
			buildSettings = {
				BUNDLE_LOADER = "$(TEST_HOST)";
				FRAMEWORK_SEARCH_PATHS = (
					"$(SDKROOT)/Developer/Library/Frameworks",
					"$(inherited)",
				);
				GCC_PREPROCESSOR_DEFINITIONS = (
					"DEBUG=1",
					"$(inherited)",
				);
				INFOPLIST_FILE = StrayerTests/Info.plist;
				LD_RUNPATH_SEARCH_PATHS = "$(inherited) @executable_path/Frameworks @loader_path/Frameworks";
				PRODUCT_NAME = "Coach To Grow";
				TEST_HOST = "$(BUILT_PRODUCTS_DIR)/Strayer.app/Strayer";
			};
			name = Debug;
		};
		CEFA45441AD287F40096839B /* Release */ = {
			isa = XCBuildConfiguration;
			buildSettings = {
				BUNDLE_LOADER = "$(TEST_HOST)";
				FRAMEWORK_SEARCH_PATHS = (
					"$(SDKROOT)/Developer/Library/Frameworks",
					"$(inherited)",
				);
				INFOPLIST_FILE = StrayerTests/Info.plist;
				LD_RUNPATH_SEARCH_PATHS = "$(inherited) @executable_path/Frameworks @loader_path/Frameworks";
				PRODUCT_NAME = "Coach To Grow";
				TEST_HOST = "$(BUILT_PRODUCTS_DIR)/Strayer.app/Strayer";
			};
			name = Release;
		};
/* End XCBuildConfiguration section */

/* Begin XCConfigurationList section */
		CEFA45141AD287F40096839B /* Build configuration list for PBXProject "Strayer" */ = {
			isa = XCConfigurationList;
			buildConfigurations = (
				CEFA453D1AD287F40096839B /* Debug */,
				CEFA453E1AD287F40096839B /* Release */,
			);
			defaultConfigurationIsVisible = 0;
			defaultConfigurationName = Release;
		};
		CEFA453F1AD287F40096839B /* Build configuration list for PBXNativeTarget "Strayer" */ = {
			isa = XCConfigurationList;
			buildConfigurations = (
				CEFA45401AD287F40096839B /* Debug */,
				CEFA45411AD287F40096839B /* Release */,
			);
			defaultConfigurationIsVisible = 0;
			defaultConfigurationName = Release;
		};
		CEFA45421AD287F40096839B /* Build configuration list for PBXNativeTarget "StrayerTests" */ = {
			isa = XCConfigurationList;
			buildConfigurations = (
				CEFA45431AD287F40096839B /* Debug */,
				CEFA45441AD287F40096839B /* Release */,
			);
			defaultConfigurationIsVisible = 0;
			defaultConfigurationName = Release;
		};
/* End XCConfigurationList section */

/* Begin XCVersionGroup section */
		CE336C8A1AD4F61F0015EC61 /* Strayer.xcdatamodeld */ = {
			isa = XCVersionGroup;
			children = (
				CE336C8B1AD4F61F0015EC61 /* Strayer.xcdatamodel */,
			);
			currentVersion = CE336C8B1AD4F61F0015EC61 /* Strayer.xcdatamodel */;
			name = Strayer.xcdatamodeld;
			path = CoreData/Strayer.xcdatamodeld;
			sourceTree = "<group>";
			versionGroupType = wrapper.xcdatamodel;
		};
/* End XCVersionGroup section */
	};
	rootObject = CEFA45111AD287F40096839B /* Project object */;
}
